
Microsoft Visual Studio Solution File, Format Version 12.00
# Visual Studio Version 16
VisualStudioVersion = 16.0.29215.179
MinimumVisualStudioVersion = 10.0.40219.1
Project("{FAE04EC0-301F-11D3-BF4B-00C04F79EFBC}") = "FizzBuzz.Test", "FizzBuzz.Test\FizzBuzz.Test.csproj", "{3A7B866D-9BB9-4D8F-A872-869B7D181996}"
EndProject
Project("{FAE04EC0-301F-11D3-BF4B-00C04F79EFBC}") = "FizzBuzz", "FizzBuzz\FizzBuzz.csproj", "{F6D4EFF9-8372-414E-BFB9-B62909CD8EEB}"
EndProject
Global
	GlobalSection(SolutionConfigurationPlatforms) = preSolution
		Debug|Any CPU = Debug|Any CPU
		Release|Any CPU = Release|Any CPU
	EndGlobalSection
	GlobalSection(ProjectConfigurationPlatforms) = postSolution
		{3A7B866D-9BB9-4D8F-A872-869B7D181996}.Debug|Any CPU.ActiveCfg = Debug|Any CPU
		{3A7B866D-9BB9-4D8F-A872-869B7D181996}.Debug|Any CPU.Build.0 = Debug|Any CPU
		{3A7B866D-9BB9-4D8F-A872-869B7D181996}.Release|Any CPU.ActiveCfg = Release|Any CPU
		{3A7B866D-9BB9-4D8F-A872-869B7D181996}.Release|Any CPU.Build.0 = Release|Any CPU
		{F6D4EFF9-8372-414E-BFB9-B62909CD8EEB}.Debug|Any CPU.ActiveCfg = Debug|Any CPU
		{F6D4EFF9-8372-414E-BFB9-B62909CD8EEB}.Debug|Any CPU.Build.0 = Debug|Any CPU
		{F6D4EFF9-8372-414E-BFB9-B62909CD8EEB}.Release|Any CPU.ActiveCfg = Release|Any CPU
		{F6D4EFF9-8372-414E-BFB9-B62909CD8EEB}.Release|Any CPU.Build.0 = Release|Any CPU
	EndGlobalSection
	GlobalSection(SolutionProperties) = preSolution
		HideSolutionNode = FALSE
	EndGlobalSection
	GlobalSection(ExtensibilityGlobals) = postSolution
		SolutionGuid = {2A217C03-0C6F-4019-8758-6748FA604295}
	EndGlobalSection
EndGlobal
